
Microsoft Visual Studio Solution File, Format Version 12.00
# Visual Studio Version 17
VisualStudioVersion = 17.1.32328.378
MinimumVisualStudioVersion = 10.0.40219.1
Project("{FAE04EC0-301F-11D3-BF4B-00C04F79EFBC}") = "ConsoleApp3", "ConsoleApp3.csproj", "{6C1DB60E-05A6-475B-8550-52EC69094F90}"
EndProject
Project("{FAE04EC0-301F-11D3-BF4B-00C04F79EFBC}") = "ConsoleApp4", "..\ConsoleApp4\ConsoleApp4.csproj", "{E0FB51FF-45B3-4FDD-A12F-BEE935E501D4}"
EndProject
Global
	GlobalSection(SolutionConfigurationPlatforms) = preSolution
		Debug|Any CPU = Debug|Any CPU
		Release|Any CPU = Release|Any CPU
	EndGlobalSection
	GlobalSection(ProjectConfigurationPlatforms) = postSolution
		{6C1DB60E-05A6-475B-8550-52EC69094F90}.Debug|Any CPU.ActiveCfg = Debug|Any CPU
		{6C1DB60E-05A6-475B-8550-52EC69094F90}.Debug|Any CPU.Build.0 = Debug|Any CPU
		{6C1DB60E-05A6-475B-8550-52EC69094F90}.Release|Any CPU.ActiveCfg = Release|Any CPU
		{6C1DB60E-05A6-475B-8550-52EC69094F90}.Release|Any CPU.Build.0 = Release|Any CPU
		{E0FB51FF-45B3-4FDD-A12F-BEE935E501D4}.Debug|Any CPU.ActiveCfg = Debug|Any CPU
		{E0FB51FF-45B3-4FDD-A12F-BEE935E501D4}.Debug|Any CPU.Build.0 = Debug|Any CPU
		{E0FB51FF-45B3-4FDD-A12F-BEE935E501D4}.Release|Any CPU.ActiveCfg = Release|Any CPU
		{E0FB51FF-45B3-4FDD-A12F-BEE935E501D4}.Release|Any CPU.Build.0 = Release|Any CPU
	EndGlobalSection
	GlobalSection(SolutionProperties) = preSolution
		HideSolutionNode = FALSE
	EndGlobalSection
	GlobalSection(ExtensibilityGlobals) = postSolution
		SolutionGuid = {30B2C45C-1970-4C04-908C-4C4A84F71049}
	EndGlobalSection
EndGlobal
